// !$*UTF8*$!
{
	archiveVersion = 1;
	classes = {
	};
	objectVersion = 56;
	objects = {

/* Begin PBXBuildFile section */
		A31119DE290EEC13009378BB /* SerebiiPokemonViewerApp.swift in Sources */ = {isa = PBXBuildFile; fileRef = A31119DD290EEC13009378BB /* SerebiiPokemonViewerApp.swift */; };
		A31119E0290EEC13009378BB /* ContentView.swift in Sources */ = {isa = PBXBuildFile; fileRef = A31119DF290EEC13009378BB /* ContentView.swift */; };
		A31119E2290EEC14009378BB /* Assets.xcassets in Resources */ = {isa = PBXBuildFile; fileRef = A31119E1290EEC14009378BB /* Assets.xcassets */; };
		A31119E6290EEC14009378BB /* Preview Assets.xcassets in Resources */ = {isa = PBXBuildFile; fileRef = A31119E5290EEC14009378BB /* Preview Assets.xcassets */; };
		A31119F0290EEC14009378BB /* SerebiiPokemonViewerTests.swift in Sources */ = {isa = PBXBuildFile; fileRef = A31119EF290EEC14009378BB /* SerebiiPokemonViewerTests.swift */; };
		A31119FA290EEC14009378BB /* SerebiiPokemonViewerUITests.swift in Sources */ = {isa = PBXBuildFile; fileRef = A31119F9290EEC14009378BB /* SerebiiPokemonViewerUITests.swift */; };
		A31119FC290EEC14009378BB /* SerebiiPokemonViewerUITestsLaunchTests.swift in Sources */ = {isa = PBXBuildFile; fileRef = A31119FB290EEC14009378BB /* SerebiiPokemonViewerUITestsLaunchTests.swift */; };
		A3111A0A290EEC96009378BB /* GenerationData.swift in Sources */ = {isa = PBXBuildFile; fileRef = A3111A09290EEC96009378BB /* GenerationData.swift */; };
		A3111A0C290EF293009378BB /* GenerationData.json in Resources */ = {isa = PBXBuildFile; fileRef = A3111A0B290EED4C009378BB /* GenerationData.json */; };
		A357C2712914AA640052137E /* GenerationDataLoader.swift in Sources */ = {isa = PBXBuildFile; fileRef = A357C2702914AA640052137E /* GenerationDataLoader.swift */; };
		A357C273291999DA0052137E /* PokemonState.swift in Sources */ = {isa = PBXBuildFile; fileRef = A357C272291999DA0052137E /* PokemonState.swift */; };
/* End PBXBuildFile section */

/* Begin PBXContainerItemProxy section */
		A31119EC290EEC14009378BB /* PBXContainerItemProxy */ = {
			isa = PBXContainerItemProxy;
			containerPortal = A31119D2290EEC13009378BB /* Project object */;
			proxyType = 1;
			remoteGlobalIDString = A31119D9290EEC13009378BB;
			remoteInfo = SerebiiPokemonViewer;
		};
		A31119F6290EEC14009378BB /* PBXContainerItemProxy */ = {
			isa = PBXContainerItemProxy;
			containerPortal = A31119D2290EEC13009378BB /* Project object */;
			proxyType = 1;
			remoteGlobalIDString = A31119D9290EEC13009378BB;
			remoteInfo = SerebiiPokemonViewer;
		};
/* End PBXContainerItemProxy section */

/* Begin PBXFileReference section */
		A31119DA290EEC13009378BB /* SerebiiPokemonViewer.app */ = {isa = PBXFileReference; explicitFileType = wrapper.application; includeInIndex = 0; path = SerebiiPokemonViewer.app; sourceTree = BUILT_PRODUCTS_DIR; };
		A31119DD290EEC13009378BB /* SerebiiPokemonViewerApp.swift */ = {isa = PBXFileReference; lastKnownFileType = sourcecode.swift; path = SerebiiPokemonViewerApp.swift; sourceTree = "<group>"; };
		A31119DF290EEC13009378BB /* ContentView.swift */ = {isa = PBXFileReference; lastKnownFileType = sourcecode.swift; path = ContentView.swift; sourceTree = "<group>"; };
		A31119E1290EEC14009378BB /* Assets.xcassets */ = {isa = PBXFileReference; lastKnownFileType = folder.assetcatalog; path = Assets.xcassets; sourceTree = "<group>"; };
		A31119E3290EEC14009378BB /* SerebiiPokemonViewer.entitlements */ = {isa = PBXFileReference; lastKnownFileType = text.plist.entitlements; path = SerebiiPokemonViewer.entitlements; sourceTree = "<group>"; };
		A31119E5290EEC14009378BB /* Preview Assets.xcassets */ = {isa = PBXFileReference; lastKnownFileType = folder.assetcatalog; path = "Preview Assets.xcassets"; sourceTree = "<group>"; };
		A31119EB290EEC14009378BB /* SerebiiPokemonViewerTests.xctest */ = {isa = PBXFileReference; explicitFileType = wrapper.cfbundle; includeInIndex = 0; path = SerebiiPokemonViewerTests.xctest; sourceTree = BUILT_PRODUCTS_DIR; };
		A31119EF290EEC14009378BB /* SerebiiPokemonViewerTests.swift */ = {isa = PBXFileReference; lastKnownFileType = sourcecode.swift; path = SerebiiPokemonViewerTests.swift; sourceTree = "<group>"; };
		A31119F5290EEC14009378BB /* SerebiiPokemonViewerUITests.xctest */ = {isa = PBXFileReference; explicitFileType = wrapper.cfbundle; includeInIndex = 0; path = SerebiiPokemonViewerUITests.xctest; sourceTree = BUILT_PRODUCTS_DIR; };
		A31119F9290EEC14009378BB /* SerebiiPokemonViewerUITests.swift */ = {isa = PBXFileReference; lastKnownFileType = sourcecode.swift; path = SerebiiPokemonViewerUITests.swift; sourceTree = "<group>"; };
		A31119FB290EEC14009378BB /* SerebiiPokemonViewerUITestsLaunchTests.swift */ = {isa = PBXFileReference; lastKnownFileType = sourcecode.swift; path = SerebiiPokemonViewerUITestsLaunchTests.swift; sourceTree = "<group>"; };
		A3111A09290EEC96009378BB /* GenerationData.swift */ = {isa = PBXFileReference; lastKnownFileType = sourcecode.swift; path = GenerationData.swift; sourceTree = "<group>"; };
		A3111A0B290EED4C009378BB /* GenerationData.json */ = {isa = PBXFileReference; lastKnownFileType = text.json; name = GenerationData.json; path = /Users/jasondees/Projects/SerebiiPokemonViewer/SerebiiPokemonViewer/GenerationData.json; sourceTree = "<absolute>"; xcLanguageSpecificationIdentifier = xcode.lang.json; };
		A357C2702914AA640052137E /* GenerationDataLoader.swift */ = {isa = PBXFileReference; lastKnownFileType = sourcecode.swift; path = GenerationDataLoader.swift; sourceTree = "<group>"; };
		A357C272291999DA0052137E /* PokemonState.swift */ = {isa = PBXFileReference; lastKnownFileType = sourcecode.swift; path = PokemonState.swift; sourceTree = "<group>"; };
/* End PBXFileReference section */

/* Begin PBXFrameworksBuildPhase section */
		A31119D7290EEC13009378BB /* Frameworks */ = {
			isa = PBXFrameworksBuildPhase;
			buildActionMask = 2147483647;
			files = (
			);
			runOnlyForDeploymentPostprocessing = 0;
		};
		A31119E8290EEC14009378BB /* Frameworks */ = {
			isa = PBXFrameworksBuildPhase;
			buildActionMask = 2147483647;
			files = (
			);
			runOnlyForDeploymentPostprocessing = 0;
		};
		A31119F2290EEC14009378BB /* Frameworks */ = {
			isa = PBXFrameworksBuildPhase;
			buildActionMask = 2147483647;
			files = (
			);
			runOnlyForDeploymentPostprocessing = 0;
		};
/* End PBXFrameworksBuildPhase section */

/* Begin PBXGroup section */
		A31119D1290EEC13009378BB = {
			isa = PBXGroup;
			children = (
				A357C26F2914AA290052137E /* Services */,
				A3111A08290EEC80009378BB /* Models */,
				A31119DC290EEC13009378BB /* SerebiiPokemonViewer */,
				A31119EE290EEC14009378BB /* SerebiiPokemonViewerTests */,
				A31119F8290EEC14009378BB /* SerebiiPokemonViewerUITests */,
				A31119DB290EEC13009378BB /* Products */,
			);
			sourceTree = "<group>";
		};
		A31119DB290EEC13009378BB /* Products */ = {
			isa = PBXGroup;
			children = (
				A31119DA290EEC13009378BB /* SerebiiPokemonViewer.app */,
				A31119EB290EEC14009378BB /* SerebiiPokemonViewerTests.xctest */,
				A31119F5290EEC14009378BB /* SerebiiPokemonViewerUITests.xctest */,
			);
			name = Products;
			sourceTree = "<group>";
		};
		A31119DC290EEC13009378BB /* SerebiiPokemonViewer */ = {
			isa = PBXGroup;
			children = (
				A31119DD290EEC13009378BB /* SerebiiPokemonViewerApp.swift */,
				A31119DF290EEC13009378BB /* ContentView.swift */,
				A31119E1290EEC14009378BB /* Assets.xcassets */,
				A3111A0B290EED4C009378BB /* GenerationData.json */,
				A31119E3290EEC14009378BB /* SerebiiPokemonViewer.entitlements */,
				A31119E4290EEC14009378BB /* Preview Content */,
			);
			path = SerebiiPokemonViewer;
			sourceTree = "<group>";
		};
		A31119E4290EEC14009378BB /* Preview Content */ = {
			isa = PBXGroup;
			children = (
				A31119E5290EEC14009378BB /* Preview Assets.xcassets */,
			);
			path = "Preview Content";
			sourceTree = "<group>";
		};
		A31119EE290EEC14009378BB /* SerebiiPokemonViewerTests */ = {
			isa = PBXGroup;
			children = (
				A31119EF290EEC14009378BB /* SerebiiPokemonViewerTests.swift */,
			);
			path = SerebiiPokemonViewerTests;
			sourceTree = "<group>";
		};
		A31119F8290EEC14009378BB /* SerebiiPokemonViewerUITests */ = {
			isa = PBXGroup;
			children = (
				A31119F9290EEC14009378BB /* SerebiiPokemonViewerUITests.swift */,
				A31119FB290EEC14009378BB /* SerebiiPokemonViewerUITestsLaunchTests.swift */,
			);
			path = SerebiiPokemonViewerUITests;
			sourceTree = "<group>";
		};
		A3111A08290EEC80009378BB /* Models */ = {
			isa = PBXGroup;
			children = (
				A3111A09290EEC96009378BB /* GenerationData.swift */,
				A357C272291999DA0052137E /* PokemonState.swift */,
			);
			path = Models;
			sourceTree = "<group>";
		};
		A357C26F2914AA290052137E /* Services */ = {
			isa = PBXGroup;
			children = (
				A357C2702914AA640052137E /* GenerationDataLoader.swift */,
			);
			path = Services;
			sourceTree = "<group>";
		};
/* End PBXGroup section */

/* Begin PBXNativeTarget section */
		A31119D9290EEC13009378BB /* SerebiiPokemonViewer */ = {
			isa = PBXNativeTarget;
			buildConfigurationList = A31119FF290EEC14009378BB /* Build configuration list for PBXNativeTarget "SerebiiPokemonViewer" */;
			buildPhases = (
				A31119D6290EEC13009378BB /* Sources */,
				A31119D7290EEC13009378BB /* Frameworks */,
				A31119D8290EEC13009378BB /* Resources */,
			);
			buildRules = (
			);
			dependencies = (
			);
			name = SerebiiPokemonViewer;
			productName = SerebiiPokemonViewer;
			productReference = A31119DA290EEC13009378BB /* SerebiiPokemonViewer.app */;
			productType = "com.apple.product-type.application";
		};
		A31119EA290EEC14009378BB /* SerebiiPokemonViewerTests */ = {
			isa = PBXNativeTarget;
			buildConfigurationList = A3111A02290EEC14009378BB /* Build configuration list for PBXNativeTarget "SerebiiPokemonViewerTests" */;
			buildPhases = (
				A31119E7290EEC14009378BB /* Sources */,
				A31119E8290EEC14009378BB /* Frameworks */,
				A31119E9290EEC14009378BB /* Resources */,
			);
			buildRules = (
			);
			dependencies = (
				A31119ED290EEC14009378BB /* PBXTargetDependency */,
			);
			name = SerebiiPokemonViewerTests;
			productName = SerebiiPokemonViewerTests;
			productReference = A31119EB290EEC14009378BB /* SerebiiPokemonViewerTests.xctest */;
			productType = "com.apple.product-type.bundle.unit-test";
		};
		A31119F4290EEC14009378BB /* SerebiiPokemonViewerUITests */ = {
			isa = PBXNativeTarget;
			buildConfigurationList = A3111A05290EEC14009378BB /* Build configuration list for PBXNativeTarget "SerebiiPokemonViewerUITests" */;
			buildPhases = (
				A31119F1290EEC14009378BB /* Sources */,
				A31119F2290EEC14009378BB /* Frameworks */,
				A31119F3290EEC14009378BB /* Resources */,
			);
			buildRules = (
			);
			dependencies = (
				A31119F7290EEC14009378BB /* PBXTargetDependency */,
			);
			name = SerebiiPokemonViewerUITests;
			productName = SerebiiPokemonViewerUITests;
			productReference = A31119F5290EEC14009378BB /* SerebiiPokemonViewerUITests.xctest */;
			productType = "com.apple.product-type.bundle.ui-testing";
		};
/* End PBXNativeTarget section */

/* Begin PBXProject section */
		A31119D2290EEC13009378BB /* Project object */ = {
			isa = PBXProject;
			attributes = {
				BuildIndependentTargetsInParallel = 1;
				LastSwiftUpdateCheck = 1400;
				LastUpgradeCheck = 1400;
				TargetAttributes = {
					A31119D9290EEC13009378BB = {
						CreatedOnToolsVersion = 14.0.1;
					};
					A31119EA290EEC14009378BB = {
						CreatedOnToolsVersion = 14.0.1;
						TestTargetID = A31119D9290EEC13009378BB;
					};
					A31119F4290EEC14009378BB = {
						CreatedOnToolsVersion = 14.0.1;
						TestTargetID = A31119D9290EEC13009378BB;
					};
				};
			};
			buildConfigurationList = A31119D5290EEC13009378BB /* Build configuration list for PBXProject "SerebiiPokemonViewer" */;
			compatibilityVersion = "Xcode 14.0";
			developmentRegion = en;
			hasScannedForEncodings = 0;
			knownRegions = (
				en,
				Base,
			);
			mainGroup = A31119D1290EEC13009378BB;
			productRefGroup = A31119DB290EEC13009378BB /* Products */;
			projectDirPath = "";
			projectRoot = "";
			targets = (
				A31119D9290EEC13009378BB /* SerebiiPokemonViewer */,
				A31119EA290EEC14009378BB /* SerebiiPokemonViewerTests */,
				A31119F4290EEC14009378BB /* SerebiiPokemonViewerUITests */,
			);
		};
/* End PBXProject section */

/* Begin PBXResourcesBuildPhase section */
		A31119D8290EEC13009378BB /* Resources */ = {
			isa = PBXResourcesBuildPhase;
			buildActionMask = 2147483647;
			files = (
				A31119E6290EEC14009378BB /* Preview Assets.xcassets in Resources */,
				A31119E2290EEC14009378BB /* Assets.xcassets in Resources */,
				A3111A0C290EF293009378BB /* GenerationData.json in Resources */,
			);
			runOnlyForDeploymentPostprocessing = 0;
		};
		A31119E9290EEC14009378BB /* Resources */ = {
			isa = PBXResourcesBuildPhase;
			buildActionMask = 2147483647;
			files = (
			);
			runOnlyForDeploymentPostprocessing = 0;
		};
		A31119F3290EEC14009378BB /* Resources */ = {
			isa = PBXResourcesBuildPhase;
			buildActionMask = 2147483647;
			files = (
			);
			runOnlyForDeploymentPostprocessing = 0;
		};
/* End PBXResourcesBuildPhase section */

/* Begin PBXSourcesBuildPhase section */
		A31119D6290EEC13009378BB /* Sources */ = {
			isa = PBXSourcesBuildPhase;
			buildActionMask = 2147483647;
			files = (
				A357C273291999DA0052137E /* PokemonState.swift in Sources */,
				A31119E0290EEC13009378BB /* ContentView.swift in Sources */,
				A3111A0A290EEC96009378BB /* GenerationData.swift in Sources */,
				A357C2712914AA640052137E /* GenerationDataLoader.swift in Sources */,
				A31119DE290EEC13009378BB /* SerebiiPokemonViewerApp.swift in Sources */,
			);
			runOnlyForDeploymentPostprocessing = 0;
		};
		A31119E7290EEC14009378BB /* Sources */ = {
			isa = PBXSourcesBuildPhase;
			buildActionMask = 2147483647;
			files = (
				A31119F0290EEC14009378BB /* SerebiiPokemonViewerTests.swift in Sources */,
			);
			runOnlyForDeploymentPostprocessing = 0;
		};
		A31119F1290EEC14009378BB /* Sources */ = {
			isa = PBXSourcesBuildPhase;
			buildActionMask = 2147483647;
			files = (
				A31119FC290EEC14009378BB /* SerebiiPokemonViewerUITestsLaunchTests.swift in Sources */,
				A31119FA290EEC14009378BB /* SerebiiPokemonViewerUITests.swift in Sources */,
			);
			runOnlyForDeploymentPostprocessing = 0;
		};
/* End PBXSourcesBuildPhase section */

/* Begin PBXTargetDependency section */
		A31119ED290EEC14009378BB /* PBXTargetDependency */ = {
			isa = PBXTargetDependency;
			target = A31119D9290EEC13009378BB /* SerebiiPokemonViewer */;
			targetProxy = A31119EC290EEC14009378BB /* PBXContainerItemProxy */;
		};
		A31119F7290EEC14009378BB /* PBXTargetDependency */ = {
			isa = PBXTargetDependency;
			target = A31119D9290EEC13009378BB /* SerebiiPokemonViewer */;
			targetProxy = A31119F6290EEC14009378BB /* PBXContainerItemProxy */;
		};
/* End PBXTargetDependency section */

/* Begin XCBuildConfiguration section */
		A31119FD290EEC14009378BB /* Debug */ = {
			isa = XCBuildConfiguration;
			buildSettings = {
				ALWAYS_SEARCH_USER_PATHS = NO;
				CLANG_ANALYZER_NONNULL = YES;
				CLANG_ANALYZER_NUMBER_OBJECT_CONVERSION = YES_AGGRESSIVE;
				CLANG_CXX_LANGUAGE_STANDARD = "gnu++20";
				CLANG_ENABLE_MODULES = YES;
				CLANG_ENABLE_OBJC_ARC = YES;
				CLANG_ENABLE_OBJC_WEAK = YES;
				CLANG_WARN_BLOCK_CAPTURE_AUTORELEASING = YES;
				CLANG_WARN_BOOL_CONVERSION = YES;
				CLANG_WARN_COMMA = YES;
				CLANG_WARN_CONSTANT_CONVERSION = YES;
				CLANG_WARN_DEPRECATED_OBJC_IMPLEMENTATIONS = YES;
				CLANG_WARN_DIRECT_OBJC_ISA_USAGE = YES_ERROR;
				CLANG_WARN_DOCUMENTATION_COMMENTS = YES;
				CLANG_WARN_EMPTY_BODY = YES;
				CLANG_WARN_ENUM_CONVERSION = YES;
				CLANG_WARN_INFINITE_RECURSION = YES;
				CLANG_WARN_INT_CONVERSION = YES;
				CLANG_WARN_NON_LITERAL_NULL_CONVERSION = YES;
				CLANG_WARN_OBJC_IMPLICIT_RETAIN_SELF = YES;
				CLANG_WARN_OBJC_LITERAL_CONVERSION = YES;
				CLANG_WARN_OBJC_ROOT_CLASS = YES_ERROR;
				CLANG_WARN_QUOTED_INCLUDE_IN_FRAMEWORK_HEADER = YES;
				CLANG_WARN_RANGE_LOOP_ANALYSIS = YES;
				CLANG_WARN_STRICT_PROTOTYPES = YES;
				CLANG_WARN_SUSPICIOUS_MOVE = YES;
				CLANG_WARN_UNGUARDED_AVAILABILITY = YES_AGGRESSIVE;
				CLANG_WARN_UNREACHABLE_CODE = YES;
				CLANG_WARN__DUPLICATE_METHOD_MATCH = YES;
				COPY_PHASE_STRIP = NO;
				DEBUG_INFORMATION_FORMAT = dwarf;
				ENABLE_STRICT_OBJC_MSGSEND = YES;
				ENABLE_TESTABILITY = YES;
				GCC_C_LANGUAGE_STANDARD = gnu11;
				GCC_DYNAMIC_NO_PIC = NO;
				GCC_NO_COMMON_BLOCKS = YES;
				GCC_OPTIMIZATION_LEVEL = 0;
				GCC_PREPROCESSOR_DEFINITIONS = (
					"DEBUG=1",
					"$(inherited)",
				);
				GCC_WARN_64_TO_32_BIT_CONVERSION = YES;
				GCC_WARN_ABOUT_RETURN_TYPE = YES_ERROR;
				GCC_WARN_UNDECLARED_SELECTOR = YES;
				GCC_WARN_UNINITIALIZED_AUTOS = YES_AGGRESSIVE;
				GCC_WARN_UNUSED_FUNCTION = YES;
				GCC_WARN_UNUSED_VARIABLE = YES;
				MTL_ENABLE_DEBUG_INFO = INCLUDE_SOURCE;
				MTL_FAST_MATH = YES;
				ONLY_ACTIVE_ARCH = YES;
				SWIFT_ACTIVE_COMPILATION_CONDITIONS = DEBUG;
				SWIFT_OPTIMIZATION_LEVEL = "-Onone";
			};
			name = Debug;
		};
		A31119FE290EEC14009378BB /* Release */ = {
			isa = XCBuildConfiguration;
			buildSettings = {
				ALWAYS_SEARCH_USER_PATHS = NO;
				CLANG_ANALYZER_NONNULL = YES;
				CLANG_ANALYZER_NUMBER_OBJECT_CONVERSION = YES_AGGRESSIVE;
				CLANG_CXX_LANGUAGE_STANDARD = "gnu++20";
				CLANG_ENABLE_MODULES = YES;
				CLANG_ENABLE_OBJC_ARC = YES;
				CLANG_ENABLE_OBJC_WEAK = YES;
				CLANG_WARN_BLOCK_CAPTURE_AUTORELEASING = YES;
				CLANG_WARN_BOOL_CONVERSION = YES;
				CLANG_WARN_COMMA = YES;
				CLANG_WARN_CONSTANT_CONVERSION = YES;
				CLANG_WARN_DEPRECATED_OBJC_IMPLEMENTATIONS = YES;
				CLANG_WARN_DIRECT_OBJC_ISA_USAGE = YES_ERROR;
				CLANG_WARN_DOCUMENTATION_COMMENTS = YES;
				CLANG_WARN_EMPTY_BODY = YES;
				CLANG_WARN_ENUM_CONVERSION = YES;
				CLANG_WARN_INFINITE_RECURSION = YES;
				CLANG_WARN_INT_CONVERSION = YES;
				CLANG_WARN_NON_LITERAL_NULL_CONVERSION = YES;
				CLANG_WARN_OBJC_IMPLICIT_RETAIN_SELF = YES;
				CLANG_WARN_OBJC_LITERAL_CONVERSION = YES;
				CLANG_WARN_OBJC_ROOT_CLASS = YES_ERROR;
				CLANG_WARN_QUOTED_INCLUDE_IN_FRAMEWORK_HEADER = YES;
				CLANG_WARN_RANGE_LOOP_ANALYSIS = YES;
				CLANG_WARN_STRICT_PROTOTYPES = YES;
				CLANG_WARN_SUSPICIOUS_MOVE = YES;
				CLANG_WARN_UNGUARDED_AVAILABILITY = YES_AGGRESSIVE;
				CLANG_WARN_UNREACHABLE_CODE = YES;
				CLANG_WARN__DUPLICATE_METHOD_MATCH = YES;
				COPY_PHASE_STRIP = NO;
				DEBUG_INFORMATION_FORMAT = "dwarf-with-dsym";
				ENABLE_NS_ASSERTIONS = NO;
				ENABLE_STRICT_OBJC_MSGSEND = YES;
				GCC_C_LANGUAGE_STANDARD = gnu11;
				GCC_NO_COMMON_BLOCKS = YES;
				GCC_WARN_64_TO_32_BIT_CONVERSION = YES;
				GCC_WARN_ABOUT_RETURN_TYPE = YES_ERROR;
				GCC_WARN_UNDECLARED_SELECTOR = YES;
				GCC_WARN_UNINITIALIZED_AUTOS = YES_AGGRESSIVE;
				GCC_WARN_UNUSED_FUNCTION = YES;
				GCC_WARN_UNUSED_VARIABLE = YES;
				MTL_ENABLE_DEBUG_INFO = NO;
				MTL_FAST_MATH = YES;
				SWIFT_COMPILATION_MODE = wholemodule;
				SWIFT_OPTIMIZATION_LEVEL = "-O";
			};
			name = Release;
		};
		A3111A00290EEC14009378BB /* Debug */ = {
			isa = XCBuildConfiguration;
			buildSettings = {
				ASSETCATALOG_COMPILER_APPICON_NAME = AppIcon;
				ASSETCATALOG_COMPILER_GLOBAL_ACCENT_COLOR_NAME = AccentColor;
				CODE_SIGN_ENTITLEMENTS = SerebiiPokemonViewer/SerebiiPokemonViewer.entitlements;
				CODE_SIGN_STYLE = Automatic;
				CURRENT_PROJECT_VERSION = 1;
				DEVELOPMENT_ASSET_PATHS = "\"SerebiiPokemonViewer/Preview Content\"";
				ENABLE_PREVIEWS = YES;
				GENERATE_INFOPLIST_FILE = YES;
				"INFOPLIST_KEY_UIApplicationSceneManifest_Generation[sdk=iphoneos*]" = YES;
				"INFOPLIST_KEY_UIApplicationSceneManifest_Generation[sdk=iphonesimulator*]" = YES;
				"INFOPLIST_KEY_UIApplicationSupportsIndirectInputEvents[sdk=iphoneos*]" = YES;
				"INFOPLIST_KEY_UIApplicationSupportsIndirectInputEvents[sdk=iphonesimulator*]" = YES;
				"INFOPLIST_KEY_UILaunchScreen_Generation[sdk=iphoneos*]" = YES;
				"INFOPLIST_KEY_UILaunchScreen_Generation[sdk=iphonesimulator*]" = YES;
				"INFOPLIST_KEY_UIStatusBarStyle[sdk=iphoneos*]" = UIStatusBarStyleDefault;
				"INFOPLIST_KEY_UIStatusBarStyle[sdk=iphonesimulator*]" = UIStatusBarStyleDefault;
				INFOPLIST_KEY_UISupportedInterfaceOrientations_iPad = "UIInterfaceOrientationPortrait UIInterfaceOrientationPortraitUpsideDown UIInterfaceOrientationLandscapeLeft UIInterfaceOrientationLandscapeRight";
				INFOPLIST_KEY_UISupportedInterfaceOrientations_iPhone = "UIInterfaceOrientationPortrait UIInterfaceOrientationLandscapeLeft UIInterfaceOrientationLandscapeRight";
				IPHONEOS_DEPLOYMENT_TARGET = 16.0;
				LD_RUNPATH_SEARCH_PATHS = "@executable_path/Frameworks";
				"LD_RUNPATH_SEARCH_PATHS[sdk=macosx*]" = "@executable_path/../Frameworks";
				MACOSX_DEPLOYMENT_TARGET = 12.3;
				MARKETING_VERSION = 1.0;
				PRODUCT_BUNDLE_IDENTIFIER = jhdees.SerebiiPokemonViewer;
				PRODUCT_NAME = "$(TARGET_NAME)";
				SDKROOT = auto;
				SUPPORTED_PLATFORMS = "iphoneos iphonesimulator macosx";
				SWIFT_EMIT_LOC_STRINGS = YES;
				SWIFT_VERSION = 5.0;
				TARGETED_DEVICE_FAMILY = "1,2";
			};
			name = Debug;
		};
		A3111A01290EEC14009378BB /* Release */ = {
			isa = XCBuildConfiguration;
			buildSettings = {
				ASSETCATALOG_COMPILER_APPICON_NAME = AppIcon;
				ASSETCATALOG_COMPILER_GLOBAL_ACCENT_COLOR_NAME = AccentColor;
				CODE_SIGN_ENTITLEMENTS = SerebiiPokemonViewer/SerebiiPokemonViewer.entitlements;
				CODE_SIGN_STYLE = Automatic;
				CURRENT_PROJECT_VERSION = 1;
				DEVELOPMENT_ASSET_PATHS = "\"SerebiiPokemonViewer/Preview Content\"";
				ENABLE_PREVIEWS = YES;
				GENERATE_INFOPLIST_FILE = YES;
				"INFOPLIST_KEY_UIApplicationSceneManifest_Generation[sdk=iphoneos*]" = YES;
				"INFOPLIST_KEY_UIApplicationSceneManifest_Generation[sdk=iphonesimulator*]" = YES;
				"INFOPLIST_KEY_UIApplicationSupportsIndirectInputEvents[sdk=iphoneos*]" = YES;
				"INFOPLIST_KEY_UIApplicationSupportsIndirectInputEvents[sdk=iphonesimulator*]" = YES;
				"INFOPLIST_KEY_UILaunchScreen_Generation[sdk=iphoneos*]" = YES;
				"INFOPLIST_KEY_UILaunchScreen_Generation[sdk=iphonesimulator*]" = YES;
				"INFOPLIST_KEY_UIStatusBarStyle[sdk=iphoneos*]" = UIStatusBarStyleDefault;
				"INFOPLIST_KEY_UIStatusBarStyle[sdk=iphonesimulator*]" = UIStatusBarStyleDefault;
				INFOPLIST_KEY_UISupportedInterfaceOrientations_iPad = "UIInterfaceOrientationPortrait UIInterfaceOrientationPortraitUpsideDown UIInterfaceOrientationLandscapeLeft UIInterfaceOrientationLandscapeRight";
				INFOPLIST_KEY_UISupportedInterfaceOrientations_iPhone = "UIInterfaceOrientationPortrait UIInterfaceOrientationLandscapeLeft UIInterfaceOrientationLandscapeRight";
				IPHONEOS_DEPLOYMENT_TARGET = 16.0;
				LD_RUNPATH_SEARCH_PATHS = "@executable_path/Frameworks";
				"LD_RUNPATH_SEARCH_PATHS[sdk=macosx*]" = "@executable_path/../Frameworks";
				MACOSX_DEPLOYMENT_TARGET = 12.3;
				MARKETING_VERSION = 1.0;
				PRODUCT_BUNDLE_IDENTIFIER = jhdees.SerebiiPokemonViewer;
				PRODUCT_NAME = "$(TARGET_NAME)";
				SDKROOT = auto;
				SUPPORTED_PLATFORMS = "iphoneos iphonesimulator macosx";
				SWIFT_EMIT_LOC_STRINGS = YES;
				SWIFT_VERSION = 5.0;
				TARGETED_DEVICE_FAMILY = "1,2";
			};
			name = Release;
		};
		A3111A03290EEC14009378BB /* Debug */ = {
			isa = XCBuildConfiguration;
			buildSettings = {
				ALWAYS_EMBED_SWIFT_STANDARD_LIBRARIES = YES;
				BUNDLE_LOADER = "$(TEST_HOST)";
				CODE_SIGN_STYLE = Automatic;
				CURRENT_PROJECT_VERSION = 1;
				GENERATE_INFOPLIST_FILE = YES;
				IPHONEOS_DEPLOYMENT_TARGET = 16.0;
				MACOSX_DEPLOYMENT_TARGET = 12.3;
				MARKETING_VERSION = 1.0;
				PRODUCT_BUNDLE_IDENTIFIER = jhdees.SerebiiPokemonViewerTests;
				PRODUCT_NAME = "$(TARGET_NAME)";
				SDKROOT = auto;
				SUPPORTED_PLATFORMS = "iphoneos iphonesimulator macosx";
				SWIFT_EMIT_LOC_STRINGS = NO;
				SWIFT_VERSION = 5.0;
				TARGETED_DEVICE_FAMILY = "1,2";
				TEST_HOST = "$(BUILT_PRODUCTS_DIR)/SerebiiPokemonViewer.app/$(BUNDLE_EXECUTABLE_FOLDER_PATH)/SerebiiPokemonViewer";
			};
			name = Debug;
		};
		A3111A04290EEC14009378BB /* Release */ = {
			isa = XCBuildConfiguration;
			buildSettings = {
				ALWAYS_EMBED_SWIFT_STANDARD_LIBRARIES = YES;
				BUNDLE_LOADER = "$(TEST_HOST)";
				CODE_SIGN_STYLE = Automatic;
				CURRENT_PROJECT_VERSION = 1;
				GENERATE_INFOPLIST_FILE = YES;
				IPHONEOS_DEPLOYMENT_TARGET = 16.0;
				MACOSX_DEPLOYMENT_TARGET = 12.3;
				MARKETING_VERSION = 1.0;
				PRODUCT_BUNDLE_IDENTIFIER = jhdees.SerebiiPokemonViewerTests;
				PRODUCT_NAME = "$(TARGET_NAME)";
				SDKROOT = auto;
				SUPPORTED_PLATFORMS = "iphoneos iphonesimulator macosx";
				SWIFT_EMIT_LOC_STRINGS = NO;
				SWIFT_VERSION = 5.0;
				TARGETED_DEVICE_FAMILY = "1,2";
				TEST_HOST = "$(BUILT_PRODUCTS_DIR)/SerebiiPokemonViewer.app/$(BUNDLE_EXECUTABLE_FOLDER_PATH)/SerebiiPokemonViewer";
			};
			name = Release;
		};
		A3111A06290EEC14009378BB /* Debug */ = {
			isa = XCBuildConfiguration;
			buildSettings = {
				ALWAYS_EMBED_SWIFT_STANDARD_LIBRARIES = YES;
				CODE_SIGN_STYLE = Automatic;
				CURRENT_PROJECT_VERSION = 1;
				GENERATE_INFOPLIST_FILE = YES;
				IPHONEOS_DEPLOYMENT_TARGET = 16.0;
				MACOSX_DEPLOYMENT_TARGET = 12.3;
				MARKETING_VERSION = 1.0;
				PRODUCT_BUNDLE_IDENTIFIER = jhdees.SerebiiPokemonViewerUITests;
				PRODUCT_NAME = "$(TARGET_NAME)";
				SDKROOT = auto;
				SUPPORTED_PLATFORMS = "iphoneos iphonesimulator macosx";
				SWIFT_EMIT_LOC_STRINGS = NO;
				SWIFT_VERSION = 5.0;
				TARGETED_DEVICE_FAMILY = "1,2";
				TEST_TARGET_NAME = SerebiiPokemonViewer;
			};
			name = Debug;
		};
		A3111A07290EEC14009378BB /* Release */ = {
			isa = XCBuildConfiguration;
			buildSettings = {
				ALWAYS_EMBED_SWIFT_STANDARD_LIBRARIES = YES;
				CODE_SIGN_STYLE = Automatic;
				CURRENT_PROJECT_VERSION = 1;
				GENERATE_INFOPLIST_FILE = YES;
				IPHONEOS_DEPLOYMENT_TARGET = 16.0;
				MACOSX_DEPLOYMENT_TARGET = 12.3;
				MARKETING_VERSION = 1.0;
				PRODUCT_BUNDLE_IDENTIFIER = jhdees.SerebiiPokemonViewerUITests;
				PRODUCT_NAME = "$(TARGET_NAME)";
				SDKROOT = auto;
				SUPPORTED_PLATFORMS = "iphoneos iphonesimulator macosx";
				SWIFT_EMIT_LOC_STRINGS = NO;
				SWIFT_VERSION = 5.0;
				TARGETED_DEVICE_FAMILY = "1,2";
				TEST_TARGET_NAME = SerebiiPokemonViewer;
			};
			name = Release;
		};
/* End XCBuildConfiguration section */

/* Begin XCConfigurationList section */
		A31119D5290EEC13009378BB /* Build configuration list for PBXProject "SerebiiPokemonViewer" */ = {
			isa = XCConfigurationList;
			buildConfigurations = (
				A31119FD290EEC14009378BB /* Debug */,
				A31119FE290EEC14009378BB /* Release */,
			);
			defaultConfigurationIsVisible = 0;
			defaultConfigurationName = Release;
		};
		A31119FF290EEC14009378BB /* Build configuration list for PBXNativeTarget "SerebiiPokemonViewer" */ = {
			isa = XCConfigurationList;
			buildConfigurations = (
				A3111A00290EEC14009378BB /* Debug */,
				A3111A01290EEC14009378BB /* Release */,
			);
			defaultConfigurationIsVisible = 0;
			defaultConfigurationName = Release;
		};
		A3111A02290EEC14009378BB /* Build configuration list for PBXNativeTarget "SerebiiPokemonViewerTests" */ = {
			isa = XCConfigurationList;
			buildConfigurations = (
				A3111A03290EEC14009378BB /* Debug */,
				A3111A04290EEC14009378BB /* Release */,
			);
			defaultConfigurationIsVisible = 0;
			defaultConfigurationName = Release;
		};
		A3111A05290EEC14009378BB /* Build configuration list for PBXNativeTarget "SerebiiPokemonViewerUITests" */ = {
			isa = XCConfigurationList;
			buildConfigurations = (
				A3111A06290EEC14009378BB /* Debug */,
				A3111A07290EEC14009378BB /* Release */,
			);
			defaultConfigurationIsVisible = 0;
			defaultConfigurationName = Release;
		};
/* End XCConfigurationList section */
	};
	rootObject = A31119D2290EEC13009378BB /* Project object */;
}
